
Microsoft Visual Studio Solution File, Format Version 12.00
# Visual Studio 15
VisualStudioVersion = 15.0.25807.0
MinimumVisualStudioVersion = 10.0.40219.1
Project("{2150E333-8FDC-42A3-9474-1A3956D46DE8}") = "Engine", "Engine", "{2C570412-EEFD-4A9E-BF6C-01DC73E7AEED}"
EndProject
Project("{2150E333-8FDC-42A3-9474-1A3956D46DE8}") = "Games", "Games", "{ABB36BFF-735E-4583-A51F-41222BAB56FC}"
EndProject
Project("{8BC9CEB8-8B4A-11D0-8D11-00A0C91BC942}") = "UE4", "Intermediate\ProjectFiles\UE4.vcxproj", "{CB3CB8B2-6076-4FE2-8F27-D304BD76D77E}"
EndProject
Project("{8BC9CEB8-8B4A-11D0-8D11-00A0C91BC942}") = "BuildingEscape", "Intermediate\ProjectFiles\BuildingEscape.vcxproj", "{239D3CED-E856-4E70-BE22-4175989A95E7}"
EndProject
Project("{2150E333-8FDC-42A3-9474-1A3956D46DE8}") = "Visualizers", "Visualizers", "{039C98C6-0033-4718-B78E-D6D84AA7D344}"
	ProjectSection(SolutionItems) = preProject
		..\..\..\..\..\..\Program Files\Epic Games\UE_4.22\Engine\Extras\VisualStudioDebugging\UE4.natvis = ..\..\..\..\..\..\Program Files\Epic Games\UE_4.22\Engine\Extras\VisualStudioDebugging\UE4.natvis
	EndProjectSection
EndProject
Global
	GlobalSection(SolutionConfigurationPlatforms) = preSolution
		DebugGame Editor|HTML5 = DebugGame Editor|HTML5
		DebugGame Editor|Win32 = DebugGame Editor|Win32
		DebugGame Editor|Win64 = DebugGame Editor|Win64
		DebugGame|HTML5 = DebugGame|HTML5
		DebugGame|Win32 = DebugGame|Win32
		DebugGame|Win64 = DebugGame|Win64
		Development Editor|HTML5 = Development Editor|HTML5
		Development Editor|Win32 = Development Editor|Win32
		Development Editor|Win64 = Development Editor|Win64
		Development|HTML5 = Development|HTML5
		Development|Win32 = Development|Win32
		Development|Win64 = Development|Win64
		Shipping|HTML5 = Shipping|HTML5
		Shipping|Win32 = Shipping|Win32
		Shipping|Win64 = Shipping|Win64
	EndGlobalSection
	GlobalSection(ProjectConfigurationPlatforms) = postSolution
		{CB3CB8B2-6076-4FE2-8F27-D304BD76D77E}.DebugGame Editor|HTML5.ActiveCfg = BuiltWithUnrealBuildTool|Win32
		{CB3CB8B2-6076-4FE2-8F27-D304BD76D77E}.DebugGame Editor|Win32.ActiveCfg = BuiltWithUnrealBuildTool|Win32
		{CB3CB8B2-6076-4FE2-8F27-D304BD76D77E}.DebugGame Editor|Win64.ActiveCfg = BuiltWithUnrealBuildTool|Win32
		{CB3CB8B2-6076-4FE2-8F27-D304BD76D77E}.DebugGame|HTML5.ActiveCfg = BuiltWithUnrealBuildTool|Win32
		{CB3CB8B2-6076-4FE2-8F27-D304BD76D77E}.DebugGame|Win32.ActiveCfg = BuiltWithUnrealBuildTool|Win32
		{CB3CB8B2-6076-4FE2-8F27-D304BD76D77E}.DebugGame|Win64.ActiveCfg = BuiltWithUnrealBuildTool|Win32
		{CB3CB8B2-6076-4FE2-8F27-D304BD76D77E}.Development Editor|HTML5.ActiveCfg = BuiltWithUnrealBuildTool|Win32
		{CB3CB8B2-6076-4FE2-8F27-D304BD76D77E}.Development Editor|Win32.ActiveCfg = BuiltWithUnrealBuildTool|Win32
		{CB3CB8B2-6076-4FE2-8F27-D304BD76D77E}.Development Editor|Win64.ActiveCfg = BuiltWithUnrealBuildTool|Win32
		{CB3CB8B2-6076-4FE2-8F27-D304BD76D77E}.Development|HTML5.ActiveCfg = BuiltWithUnrealBuildTool|Win32
		{CB3CB8B2-6076-4FE2-8F27-D304BD76D77E}.Development|Win32.ActiveCfg = BuiltWithUnrealBuildTool|Win32
		{CB3CB8B2-6076-4FE2-8F27-D304BD76D77E}.Development|Win64.ActiveCfg = BuiltWithUnrealBuildTool|Win32
		{CB3CB8B2-6076-4FE2-8F27-D304BD76D77E}.Shipping|HTML5.ActiveCfg = BuiltWithUnrealBuildTool|Win32
		{CB3CB8B2-6076-4FE2-8F27-D304BD76D77E}.Shipping|Win32.ActiveCfg = BuiltWithUnrealBuildTool|Win32
		{CB3CB8B2-6076-4FE2-8F27-D304BD76D77E}.Shipping|Win64.ActiveCfg = BuiltWithUnrealBuildTool|Win32
		{239D3CED-E856-4E70-BE22-4175989A95E7}.DebugGame Editor|HTML5.ActiveCfg = Invalid|Win32
		{239D3CED-E856-4E70-BE22-4175989A95E7}.DebugGame Editor|Win32.ActiveCfg = Invalid|Win32
		{239D3CED-E856-4E70-BE22-4175989A95E7}.DebugGame Editor|Win64.ActiveCfg = DebugGame_Editor|x64
		{239D3CED-E856-4E70-BE22-4175989A95E7}.DebugGame Editor|Win64.Build.0 = DebugGame_Editor|x64
		{239D3CED-E856-4E70-BE22-4175989A95E7}.DebugGame|HTML5.ActiveCfg = HTML5_DebugGame|Win32
		{239D3CED-E856-4E70-BE22-4175989A95E7}.DebugGame|HTML5.Build.0 = HTML5_DebugGame|Win32
		{239D3CED-E856-4E70-BE22-4175989A95E7}.DebugGame|Win32.ActiveCfg = DebugGame|Win32
		{239D3CED-E856-4E70-BE22-4175989A95E7}.DebugGame|Win32.Build.0 = DebugGame|Win32
		{239D3CED-E856-4E70-BE22-4175989A95E7}.DebugGame|Win64.ActiveCfg = DebugGame|x64
		{239D3CED-E856-4E70-BE22-4175989A95E7}.DebugGame|Win64.Build.0 = DebugGame|x64
		{239D3CED-E856-4E70-BE22-4175989A95E7}.Development Editor|HTML5.ActiveCfg = Invalid|Win32
		{239D3CED-E856-4E70-BE22-4175989A95E7}.Development Editor|Win32.ActiveCfg = Invalid|Win32
		{239D3CED-E856-4E70-BE22-4175989A95E7}.Development Editor|Win64.ActiveCfg = Development_Editor|x64
		{239D3CED-E856-4E70-BE22-4175989A95E7}.Development Editor|Win64.Build.0 = Development_Editor|x64
		{239D3CED-E856-4E70-BE22-4175989A95E7}.Development|HTML5.ActiveCfg = HTML5_Development|Win32
		{239D3CED-E856-4E70-BE22-4175989A95E7}.Development|HTML5.Build.0 = HTML5_Development|Win32
		{239D3CED-E856-4E70-BE22-4175989A95E7}.Development|Win32.ActiveCfg = Development|Win32
		{239D3CED-E856-4E70-BE22-4175989A95E7}.Development|Win32.Build.0 = Development|Win32
		{239D3CED-E856-4E70-BE22-4175989A95E7}.Development|Win64.ActiveCfg = Development|x64
		{239D3CED-E856-4E70-BE22-4175989A95E7}.Development|Win64.Build.0 = Development|x64
		{239D3CED-E856-4E70-BE22-4175989A95E7}.Shipping|HTML5.ActiveCfg = HTML5_Shipping|Win32
		{239D3CED-E856-4E70-BE22-4175989A95E7}.Shipping|HTML5.Build.0 = HTML5_Shipping|Win32
		{239D3CED-E856-4E70-BE22-4175989A95E7}.Shipping|Win32.ActiveCfg = Shipping|Win32
		{239D3CED-E856-4E70-BE22-4175989A95E7}.Shipping|Win32.Build.0 = Shipping|Win32
		{239D3CED-E856-4E70-BE22-4175989A95E7}.Shipping|Win64.ActiveCfg = Shipping|x64
		{239D3CED-E856-4E70-BE22-4175989A95E7}.Shipping|Win64.Build.0 = Shipping|x64
	EndGlobalSection
	GlobalSection(SolutionProperties) = preSolution
		HideSolutionNode = FALSE
	EndGlobalSection
	GlobalSection(NestedProjects) = preSolution
		{CB3CB8B2-6076-4FE2-8F27-D304BD76D77E} = {2C570412-EEFD-4A9E-BF6C-01DC73E7AEED}
		{239D3CED-E856-4E70-BE22-4175989A95E7} = {ABB36BFF-735E-4583-A51F-41222BAB56FC}
	EndGlobalSection
EndGlobal
